// !$*UTF8*$!
{
	archiveVersion = 1;
	classes = {
	};
	objectVersion = 56;
	objects = {

/* Begin PBXBuildFile section */
		7E92EAF52A40AD0700AC1A58 /* TabData.swift in Sources */ = {isa = PBXBuildFile; fileRef = 7E92EAF42A40AD0600AC1A58 /* TabData.swift */; };
		7E92EAF72A40AF1600AC1A58 /* CustomTabBar.swift in Sources */ = {isa = PBXBuildFile; fileRef = 7E92EAF62A40AF1600AC1A58 /* CustomTabBar.swift */; };
		7E92EAF92A40B8B500AC1A58 /* HomeView.swift in Sources */ = {isa = PBXBuildFile; fileRef = 7E92EAF82A40B8B500AC1A58 /* HomeView.swift */; };
		7E92EAFB2A40BA2F00AC1A58 /* CustomSearchBar.swift in Sources */ = {isa = PBXBuildFile; fileRef = 7E92EAFA2A40BA2F00AC1A58 /* CustomSearchBar.swift */; };
		7E92EAFD2A40BBD600AC1A58 /* ScrollSection.swift in Sources */ = {isa = PBXBuildFile; fileRef = 7E92EAFC2A40BBD600AC1A58 /* ScrollSection.swift */; };
		7E92EAFF2A40BF7D00AC1A58 /* BookingView.swift in Sources */ = {isa = PBXBuildFile; fileRef = 7E92EAFE2A40BF7D00AC1A58 /* BookingView.swift */; };
		7E92EB012A40C5CB00AC1A58 /* SeatsView.swift in Sources */ = {isa = PBXBuildFile; fileRef = 7E92EB002A40C5CB00AC1A58 /* SeatsView.swift */; };
		7EB703CD2A40075100443701 /* movieBookingApp.swift in Sources */ = {isa = PBXBuildFile; fileRef = 7EB703CC2A40075100443701 /* movieBookingApp.swift */; };
		7EB703CF2A40075100443701 /* ContentView.swift in Sources */ = {isa = PBXBuildFile; fileRef = 7EB703CE2A40075100443701 /* ContentView.swift */; };
		7EB703D12A40075600443701 /* Assets.xcassets in Resources */ = {isa = PBXBuildFile; fileRef = 7EB703D02A40075600443701 /* Assets.xcassets */; };
		7EB703D42A40075600443701 /* Preview Assets.xcassets in Resources */ = {isa = PBXBuildFile; fileRef = 7EB703D32A40075600443701 /* Preview Assets.xcassets */; };
		7EB703DC2A40081400443701 /* CircleBackground.swift in Sources */ = {isa = PBXBuildFile; fileRef = 7EB703DB2A40081400443701 /* CircleBackground.swift */; };
		7EB703DE2A40083600443701 /* StatusUI.swift in Sources */ = {isa = PBXBuildFile; fileRef = 7EB703DD2A40083600443701 /* StatusUI.swift */; };
		7EB703E12A40085E00443701 /* PosterData.swift in Sources */ = {isa = PBXBuildFile; fileRef = 7EB703E02A40085E00443701 /* PosterData.swift */; };
		7EB703E32A40087D00443701 /* TicketData.swift in Sources */ = {isa = PBXBuildFile; fileRef = 7EB703E22A40087D00443701 /* TicketData.swift */; };
		7EB703E62A4008A600443701 /* CircleButton.swift in Sources */ = {isa = PBXBuildFile; fileRef = 7EB703E52A4008A600443701 /* CircleButton.swift */; };
		7EB703E82A4008B800443701 /* DateButton.swift in Sources */ = {isa = PBXBuildFile; fileRef = 7EB703E72A4008B800443701 /* DateButton.swift */; };
		7EB703EA2A4008DA00443701 /* LargeButton.swift in Sources */ = {isa = PBXBuildFile; fileRef = 7EB703E92A4008DA00443701 /* LargeButton.swift */; };
		7EB703EC2A4008EE00443701 /* RoundButton.swift in Sources */ = {isa = PBXBuildFile; fileRef = 7EB703EB2A4008EE00443701 /* RoundButton.swift */; };
		7EB703EE2A40090A00443701 /* TimeButton.swift in Sources */ = {isa = PBXBuildFile; fileRef = 7EB703ED2A40090A00443701 /* TimeButton.swift */; };
		7EB703F02A40096500443701 /* utils.swift in Sources */ = {isa = PBXBuildFile; fileRef = 7EB703EF2A40096500443701 /* utils.swift */; };
		7EB703F32A4009DA00443701 /* TicketView.swift in Sources */ = {isa = PBXBuildFile; fileRef = 7EB703F22A4009DA00443701 /* TicketView.swift */; };
		7EB703F62A400DC800443701 /* Ticket.swift in Sources */ = {isa = PBXBuildFile; fileRef = 7EB703F52A400DC800443701 /* Ticket.swift */; };
		7EB703F82A4013B500443701 /* Tickets.swift in Sources */ = {isa = PBXBuildFile; fileRef = 7EB703F72A4013B500443701 /* Tickets.swift */; };
/* End PBXBuildFile section */

/* Begin PBXFileReference section */
		7E92EAF42A40AD0600AC1A58 /* TabData.swift */ = {isa = PBXFileReference; lastKnownFileType = sourcecode.swift; path = TabData.swift; sourceTree = "<group>"; };
		7E92EAF62A40AF1600AC1A58 /* CustomTabBar.swift */ = {isa = PBXFileReference; lastKnownFileType = sourcecode.swift; path = CustomTabBar.swift; sourceTree = "<group>"; };
		7E92EAF82A40B8B500AC1A58 /* HomeView.swift */ = {isa = PBXFileReference; lastKnownFileType = sourcecode.swift; path = HomeView.swift; sourceTree = "<group>"; };
		7E92EAFA2A40BA2F00AC1A58 /* CustomSearchBar.swift */ = {isa = PBXFileReference; lastKnownFileType = sourcecode.swift; path = CustomSearchBar.swift; sourceTree = "<group>"; };
		7E92EAFC2A40BBD600AC1A58 /* ScrollSection.swift */ = {isa = PBXFileReference; lastKnownFileType = sourcecode.swift; path = ScrollSection.swift; sourceTree = "<group>"; };
		7E92EAFE2A40BF7D00AC1A58 /* BookingView.swift */ = {isa = PBXFileReference; lastKnownFileType = sourcecode.swift; path = BookingView.swift; sourceTree = "<group>"; };
		7E92EB002A40C5CB00AC1A58 /* SeatsView.swift */ = {isa = PBXFileReference; lastKnownFileType = sourcecode.swift; path = SeatsView.swift; sourceTree = "<group>"; };
		7EB703C92A40075100443701 /* movieBooking.app */ = {isa = PBXFileReference; explicitFileType = wrapper.application; includeInIndex = 0; path = movieBooking.app; sourceTree = BUILT_PRODUCTS_DIR; };
		7EB703CC2A40075100443701 /* movieBookingApp.swift */ = {isa = PBXFileReference; lastKnownFileType = sourcecode.swift; path = movieBookingApp.swift; sourceTree = "<group>"; };
		7EB703CE2A40075100443701 /* ContentView.swift */ = {isa = PBXFileReference; lastKnownFileType = sourcecode.swift; path = ContentView.swift; sourceTree = "<group>"; };
		7EB703D02A40075600443701 /* Assets.xcassets */ = {isa = PBXFileReference; lastKnownFileType = folder.assetcatalog; path = Assets.xcassets; sourceTree = "<group>"; };
		7EB703D32A40075600443701 /* Preview Assets.xcassets */ = {isa = PBXFileReference; lastKnownFileType = folder.assetcatalog; path = "Preview Assets.xcassets"; sourceTree = "<group>"; };
		7EB703DB2A40081400443701 /* CircleBackground.swift */ = {isa = PBXFileReference; lastKnownFileType = sourcecode.swift; path = CircleBackground.swift; sourceTree = "<group>"; };
		7EB703DD2A40083600443701 /* StatusUI.swift */ = {isa = PBXFileReference; lastKnownFileType = sourcecode.swift; path = StatusUI.swift; sourceTree = "<group>"; };
		7EB703E02A40085E00443701 /* PosterData.swift */ = {isa = PBXFileReference; lastKnownFileType = sourcecode.swift; path = PosterData.swift; sourceTree = "<group>"; };
		7EB703E22A40087D00443701 /* TicketData.swift */ = {isa = PBXFileReference; lastKnownFileType = sourcecode.swift; path = TicketData.swift; sourceTree = "<group>"; };
		7EB703E52A4008A600443701 /* CircleButton.swift */ = {isa = PBXFileReference; lastKnownFileType = sourcecode.swift; path = CircleButton.swift; sourceTree = "<group>"; };
		7EB703E72A4008B800443701 /* DateButton.swift */ = {isa = PBXFileReference; lastKnownFileType = sourcecode.swift; path = DateButton.swift; sourceTree = "<group>"; };
		7EB703E92A4008DA00443701 /* LargeButton.swift */ = {isa = PBXFileReference; lastKnownFileType = sourcecode.swift; path = LargeButton.swift; sourceTree = "<group>"; };
		7EB703EB2A4008EE00443701 /* RoundButton.swift */ = {isa = PBXFileReference; lastKnownFileType = sourcecode.swift; path = RoundButton.swift; sourceTree = "<group>"; };
		7EB703ED2A40090A00443701 /* TimeButton.swift */ = {isa = PBXFileReference; lastKnownFileType = sourcecode.swift; path = TimeButton.swift; sourceTree = "<group>"; };
		7EB703EF2A40096500443701 /* utils.swift */ = {isa = PBXFileReference; lastKnownFileType = sourcecode.swift; path = utils.swift; sourceTree = "<group>"; };
		7EB703F22A4009DA00443701 /* TicketView.swift */ = {isa = PBXFileReference; lastKnownFileType = sourcecode.swift; path = TicketView.swift; sourceTree = "<group>"; };
		7EB703F52A400DC800443701 /* Ticket.swift */ = {isa = PBXFileReference; lastKnownFileType = sourcecode.swift; path = Ticket.swift; sourceTree = "<group>"; };
		7EB703F72A4013B500443701 /* Tickets.swift */ = {isa = PBXFileReference; lastKnownFileType = sourcecode.swift; path = Tickets.swift; sourceTree = "<group>"; };
/* End PBXFileReference section */

/* Begin PBXFrameworksBuildPhase section */
		7EB703C62A40075100443701 /* Frameworks */ = {
			isa = PBXFrameworksBuildPhase;
			buildActionMask = 2147483647;
			files = (
			);
			runOnlyForDeploymentPostprocessing = 0;
		};
/* End PBXFrameworksBuildPhase section */

/* Begin PBXGroup section */
		7EB703C02A40075100443701 = {
			isa = PBXGroup;
			children = (
				7EB703CB2A40075100443701 /* movieBooking */,
				7EB703CA2A40075100443701 /* Products */,
			);
			sourceTree = "<group>";
		};
		7EB703CA2A40075100443701 /* Products */ = {
			isa = PBXGroup;
			children = (
				7EB703C92A40075100443701 /* movieBooking.app */,
			);
			name = Products;
			sourceTree = "<group>";
		};
		7EB703CB2A40075100443701 /* movieBooking */ = {
			isa = PBXGroup;
			children = (
				7EB703F42A400DB400443701 /* Cards */,
				7EB703F12A4009B400443701 /* Views */,
				7EB703E42A40089500443701 /* Buttons */,
				7EB703DF2A40085300443701 /* Data */,
				7EB703DA2A4007F800443701 /* UI */,
				7EB703CC2A40075100443701 /* movieBookingApp.swift */,
				7EB703CE2A40075100443701 /* ContentView.swift */,
				7EB703EF2A40096500443701 /* utils.swift */,
				7EB703D02A40075600443701 /* Assets.xcassets */,
				7EB703D22A40075600443701 /* Preview Content */,
			);
			path = movieBooking;
			sourceTree = "<group>";
		};
		7EB703D22A40075600443701 /* Preview Content */ = {
			isa = PBXGroup;
			children = (
				7EB703D32A40075600443701 /* Preview Assets.xcassets */,
			);
			path = "Preview Content";
			sourceTree = "<group>";
		};
		7EB703DA2A4007F800443701 /* UI */ = {
			isa = PBXGroup;
			children = (
				7EB703DB2A40081400443701 /* CircleBackground.swift */,
				7EB703DD2A40083600443701 /* StatusUI.swift */,
				7E92EAF62A40AF1600AC1A58 /* CustomTabBar.swift */,
				7E92EAFA2A40BA2F00AC1A58 /* CustomSearchBar.swift */,
				7E92EAFC2A40BBD600AC1A58 /* ScrollSection.swift */,
			);
			path = UI;
			sourceTree = "<group>";
		};
		7EB703DF2A40085300443701 /* Data */ = {
			isa = PBXGroup;
			children = (
				7EB703E02A40085E00443701 /* PosterData.swift */,
				7EB703E22A40087D00443701 /* TicketData.swift */,
				7E92EAF42A40AD0600AC1A58 /* TabData.swift */,
			);
			path = Data;
			sourceTree = "<group>";
		};
		7EB703E42A40089500443701 /* Buttons */ = {
			isa = PBXGroup;
			children = (
				7EB703E52A4008A600443701 /* CircleButton.swift */,
				7EB703E72A4008B800443701 /* DateButton.swift */,
				7EB703E92A4008DA00443701 /* LargeButton.swift */,
				7EB703EB2A4008EE00443701 /* RoundButton.swift */,
				7EB703ED2A40090A00443701 /* TimeButton.swift */,
			);
			path = Buttons;
			sourceTree = "<group>";
		};
		7EB703F12A4009B400443701 /* Views */ = {
			isa = PBXGroup;
			children = (
				7EB703F22A4009DA00443701 /* TicketView.swift */,
				7E92EAF82A40B8B500AC1A58 /* HomeView.swift */,
				7E92EAFE2A40BF7D00AC1A58 /* BookingView.swift */,
				7E92EB002A40C5CB00AC1A58 /* SeatsView.swift */,
			);
			path = Views;
			sourceTree = "<group>";
		};
		7EB703F42A400DB400443701 /* Cards */ = {
			isa = PBXGroup;
			children = (
				7EB703F52A400DC800443701 /* Ticket.swift */,
				7EB703F72A4013B500443701 /* Tickets.swift */,
			);
			path = Cards;
			sourceTree = "<group>";
		};
/* End PBXGroup section */

/* Begin PBXNativeTarget section */
		7EB703C82A40075100443701 /* movieBooking */ = {
			isa = PBXNativeTarget;
			buildConfigurationList = 7EB703D72A40075600443701 /* Build configuration list for PBXNativeTarget "movieBooking" */;
			buildPhases = (
				7EB703C52A40075100443701 /* Sources */,
				7EB703C62A40075100443701 /* Frameworks */,
				7EB703C72A40075100443701 /* Resources */,
			);
			buildRules = (
			);
			dependencies = (
			);
			name = movieBooking;
			productName = movieBooking;
			productReference = 7EB703C92A40075100443701 /* movieBooking.app */;
			productType = "com.apple.product-type.application";
		};
/* End PBXNativeTarget section */

/* Begin PBXProject section */
		7EB703C12A40075100443701 /* Project object */ = {
			isa = PBXProject;
			attributes = {
				BuildIndependentTargetsInParallel = 1;
				LastSwiftUpdateCheck = 1420;
				LastUpgradeCheck = 1420;
				TargetAttributes = {
					7EB703C82A40075100443701 = {
						CreatedOnToolsVersion = 14.2;
					};
				};
			};
			buildConfigurationList = 7EB703C42A40075100443701 /* Build configuration list for PBXProject "movieBooking" */;
			compatibilityVersion = "Xcode 14.0";
			developmentRegion = en;
			hasScannedForEncodings = 0;
			knownRegions = (
				en,
				Base,
			);
			mainGroup = 7EB703C02A40075100443701;
			productRefGroup = 7EB703CA2A40075100443701 /* Products */;
			projectDirPath = "";
			projectRoot = "";
			targets = (
				7EB703C82A40075100443701 /* movieBooking */,
			);
		};
/* End PBXProject section */

/* Begin PBXResourcesBuildPhase section */
		7EB703C72A40075100443701 /* Resources */ = {
			isa = PBXResourcesBuildPhase;
			buildActionMask = 2147483647;
			files = (
				7EB703D42A40075600443701 /* Preview Assets.xcassets in Resources */,
				7EB703D12A40075600443701 /* Assets.xcassets in Resources */,
			);
			runOnlyForDeploymentPostprocessing = 0;
		};
/* End PBXResourcesBuildPhase section */

/* Begin PBXSourcesBuildPhase section */
		7EB703C52A40075100443701 /* Sources */ = {
			isa = PBXSourcesBuildPhase;
			buildActionMask = 2147483647;
			files = (
				7EB703E62A4008A600443701 /* CircleButton.swift in Sources */,
				7EB703F32A4009DA00443701 /* TicketView.swift in Sources */,
				7E92EAFD2A40BBD600AC1A58 /* ScrollSection.swift in Sources */,
				7EB703DC2A40081400443701 /* CircleBackground.swift in Sources */,
				7EB703CF2A40075100443701 /* ContentView.swift in Sources */,
				7EB703F82A4013B500443701 /* Tickets.swift in Sources */,
				7EB703F02A40096500443701 /* utils.swift in Sources */,
				7EB703F62A400DC800443701 /* Ticket.swift in Sources */,
				7EB703CD2A40075100443701 /* movieBookingApp.swift in Sources */,
				7E92EAFF2A40BF7D00AC1A58 /* BookingView.swift in Sources */,
				7E92EAF72A40AF1600AC1A58 /* CustomTabBar.swift in Sources */,
				7E92EAF92A40B8B500AC1A58 /* HomeView.swift in Sources */,
				7EB703EE2A40090A00443701 /* TimeButton.swift in Sources */,
				7E92EAFB2A40BA2F00AC1A58 /* CustomSearchBar.swift in Sources */,
				7E92EAF52A40AD0700AC1A58 /* TabData.swift in Sources */,
				7EB703E32A40087D00443701 /* TicketData.swift in Sources */,
				7EB703E82A4008B800443701 /* DateButton.swift in Sources */,
				7E92EB012A40C5CB00AC1A58 /* SeatsView.swift in Sources */,
				7EB703EC2A4008EE00443701 /* RoundButton.swift in Sources */,
				7EB703E12A40085E00443701 /* PosterData.swift in Sources */,
				7EB703DE2A40083600443701 /* StatusUI.swift in Sources */,
				7EB703EA2A4008DA00443701 /* LargeButton.swift in Sources */,
			);
			runOnlyForDeploymentPostprocessing = 0;
		};
/* End PBXSourcesBuildPhase section */

/* Begin XCBuildConfiguration section */
		7EB703D52A40075600443701 /* Debug */ = {
			isa = XCBuildConfiguration;
			buildSettings = {
				ALWAYS_SEARCH_USER_PATHS = NO;
				CLANG_ANALYZER_NONNULL = YES;
				CLANG_ANALYZER_NUMBER_OBJECT_CONVERSION = YES_AGGRESSIVE;
				CLANG_CXX_LANGUAGE_STANDARD = "gnu++20";
				CLANG_ENABLE_MODULES = YES;
				CLANG_ENABLE_OBJC_ARC = YES;
				CLANG_ENABLE_OBJC_WEAK = YES;
				CLANG_WARN_BLOCK_CAPTURE_AUTORELEASING = YES;
				CLANG_WARN_BOOL_CONVERSION = YES;
				CLANG_WARN_COMMA = YES;
				CLANG_WARN_CONSTANT_CONVERSION = YES;
				CLANG_WARN_DEPRECATED_OBJC_IMPLEMENTATIONS = YES;
				CLANG_WARN_DIRECT_OBJC_ISA_USAGE = YES_ERROR;
				CLANG_WARN_DOCUMENTATION_COMMENTS = YES;
				CLANG_WARN_EMPTY_BODY = YES;
				CLANG_WARN_ENUM_CONVERSION = YES;
				CLANG_WARN_INFINITE_RECURSION = YES;
				CLANG_WARN_INT_CONVERSION = YES;
				CLANG_WARN_NON_LITERAL_NULL_CONVERSION = YES;
				CLANG_WARN_OBJC_IMPLICIT_RETAIN_SELF = YES;
				CLANG_WARN_OBJC_LITERAL_CONVERSION = YES;
				CLANG_WARN_OBJC_ROOT_CLASS = YES_ERROR;
				CLANG_WARN_QUOTED_INCLUDE_IN_FRAMEWORK_HEADER = YES;
				CLANG_WARN_RANGE_LOOP_ANALYSIS = YES;
				CLANG_WARN_STRICT_PROTOTYPES = YES;
				CLANG_WARN_SUSPICIOUS_MOVE = YES;
				CLANG_WARN_UNGUARDED_AVAILABILITY = YES_AGGRESSIVE;
				CLANG_WARN_UNREACHABLE_CODE = YES;
				CLANG_WARN__DUPLICATE_METHOD_MATCH = YES;
				COPY_PHASE_STRIP = NO;
				DEBUG_INFORMATION_FORMAT = dwarf;
				ENABLE_STRICT_OBJC_MSGSEND = YES;
				ENABLE_TESTABILITY = YES;
				GCC_C_LANGUAGE_STANDARD = gnu11;
				GCC_DYNAMIC_NO_PIC = NO;
				GCC_NO_COMMON_BLOCKS = YES;
				GCC_OPTIMIZATION_LEVEL = 0;
				GCC_PREPROCESSOR_DEFINITIONS = (
					"DEBUG=1",
					"$(inherited)",
				);
				GCC_WARN_64_TO_32_BIT_CONVERSION = YES;
				GCC_WARN_ABOUT_RETURN_TYPE = YES_ERROR;
				GCC_WARN_UNDECLARED_SELECTOR = YES;
				GCC_WARN_UNINITIALIZED_AUTOS = YES_AGGRESSIVE;
				GCC_WARN_UNUSED_FUNCTION = YES;
				GCC_WARN_UNUSED_VARIABLE = YES;
				IPHONEOS_DEPLOYMENT_TARGET = 16.2;
				MTL_ENABLE_DEBUG_INFO = INCLUDE_SOURCE;
				MTL_FAST_MATH = YES;
				ONLY_ACTIVE_ARCH = YES;
				SDKROOT = iphoneos;
				SWIFT_ACTIVE_COMPILATION_CONDITIONS = DEBUG;
				SWIFT_OPTIMIZATION_LEVEL = "-Onone";
			};
			name = Debug;
		};
		7EB703D62A40075600443701 /* Release */ = {
			isa = XCBuildConfiguration;
			buildSettings = {
				ALWAYS_SEARCH_USER_PATHS = NO;
				CLANG_ANALYZER_NONNULL = YES;
				CLANG_ANALYZER_NUMBER_OBJECT_CONVERSION = YES_AGGRESSIVE;
				CLANG_CXX_LANGUAGE_STANDARD = "gnu++20";
				CLANG_ENABLE_MODULES = YES;
				CLANG_ENABLE_OBJC_ARC = YES;
				CLANG_ENABLE_OBJC_WEAK = YES;
				CLANG_WARN_BLOCK_CAPTURE_AUTORELEASING = YES;
				CLANG_WARN_BOOL_CONVERSION = YES;
				CLANG_WARN_COMMA = YES;
				CLANG_WARN_CONSTANT_CONVERSION = YES;
				CLANG_WARN_DEPRECATED_OBJC_IMPLEMENTATIONS = YES;
				CLANG_WARN_DIRECT_OBJC_ISA_USAGE = YES_ERROR;
				CLANG_WARN_DOCUMENTATION_COMMENTS = YES;
				CLANG_WARN_EMPTY_BODY = YES;
				CLANG_WARN_ENUM_CONVERSION = YES;
				CLANG_WARN_INFINITE_RECURSION = YES;
				CLANG_WARN_INT_CONVERSION = YES;
				CLANG_WARN_NON_LITERAL_NULL_CONVERSION = YES;
				CLANG_WARN_OBJC_IMPLICIT_RETAIN_SELF = YES;
				CLANG_WARN_OBJC_LITERAL_CONVERSION = YES;
				CLANG_WARN_OBJC_ROOT_CLASS = YES_ERROR;
				CLANG_WARN_QUOTED_INCLUDE_IN_FRAMEWORK_HEADER = YES;
				CLANG_WARN_RANGE_LOOP_ANALYSIS = YES;
				CLANG_WARN_STRICT_PROTOTYPES = YES;
				CLANG_WARN_SUSPICIOUS_MOVE = YES;
				CLANG_WARN_UNGUARDED_AVAILABILITY = YES_AGGRESSIVE;
				CLANG_WARN_UNREACHABLE_CODE = YES;
				CLANG_WARN__DUPLICATE_METHOD_MATCH = YES;
				COPY_PHASE_STRIP = NO;
				DEBUG_INFORMATION_FORMAT = "dwarf-with-dsym";
				ENABLE_NS_ASSERTIONS = NO;
				ENABLE_STRICT_OBJC_MSGSEND = YES;
				GCC_C_LANGUAGE_STANDARD = gnu11;
				GCC_NO_COMMON_BLOCKS = YES;
				GCC_WARN_64_TO_32_BIT_CONVERSION = YES;
				GCC_WARN_ABOUT_RETURN_TYPE = YES_ERROR;
				GCC_WARN_UNDECLARED_SELECTOR = YES;
				GCC_WARN_UNINITIALIZED_AUTOS = YES_AGGRESSIVE;
				GCC_WARN_UNUSED_FUNCTION = YES;
				GCC_WARN_UNUSED_VARIABLE = YES;
				IPHONEOS_DEPLOYMENT_TARGET = 16.2;
				MTL_ENABLE_DEBUG_INFO = NO;
				MTL_FAST_MATH = YES;
				SDKROOT = iphoneos;
				SWIFT_COMPILATION_MODE = wholemodule;
				SWIFT_OPTIMIZATION_LEVEL = "-O";
				VALIDATE_PRODUCT = YES;
			};
			name = Release;
		};
		7EB703D82A40075600443701 /* Debug */ = {
			isa = XCBuildConfiguration;
			buildSettings = {
				ASSETCATALOG_COMPILER_APPICON_NAME = AppIcon;
				ASSETCATALOG_COMPILER_GLOBAL_ACCENT_COLOR_NAME = AccentColor;
				CODE_SIGN_STYLE = Automatic;
				CURRENT_PROJECT_VERSION = 1;
				DEVELOPMENT_ASSET_PATHS = "\"movieBooking/Preview Content\"";
				ENABLE_PREVIEWS = YES;
				GENERATE_INFOPLIST_FILE = YES;
				INFOPLIST_KEY_UIApplicationSceneManifest_Generation = YES;
				INFOPLIST_KEY_UIApplicationSupportsIndirectInputEvents = YES;
				INFOPLIST_KEY_UILaunchScreen_Generation = YES;
				INFOPLIST_KEY_UISupportedInterfaceOrientations_iPad = "UIInterfaceOrientationPortrait UIInterfaceOrientationPortraitUpsideDown UIInterfaceOrientationLandscapeLeft UIInterfaceOrientationLandscapeRight";
				INFOPLIST_KEY_UISupportedInterfaceOrientations_iPhone = "UIInterfaceOrientationPortrait UIInterfaceOrientationLandscapeLeft UIInterfaceOrientationLandscapeRight";
				LD_RUNPATH_SEARCH_PATHS = (
					"$(inherited)",
					"@executable_path/Frameworks",
				);
				MARKETING_VERSION = 1.0;
				PRODUCT_BUNDLE_IDENTIFIER = com.chuday.movieBooking;
				PRODUCT_NAME = "$(TARGET_NAME)";
				SWIFT_EMIT_LOC_STRINGS = YES;
				SWIFT_VERSION = 5.0;
				TARGETED_DEVICE_FAMILY = "1,2";
			};
			name = Debug;
		};
		7EB703D92A40075600443701 /* Release */ = {
			isa = XCBuildConfiguration;
			buildSettings = {
				ASSETCATALOG_COMPILER_APPICON_NAME = AppIcon;
				ASSETCATALOG_COMPILER_GLOBAL_ACCENT_COLOR_NAME = AccentColor;
				CODE_SIGN_STYLE = Automatic;
				CURRENT_PROJECT_VERSION = 1;
				DEVELOPMENT_ASSET_PATHS = "\"movieBooking/Preview Content\"";
				ENABLE_PREVIEWS = YES;
				GENERATE_INFOPLIST_FILE = YES;
				INFOPLIST_KEY_UIApplicationSceneManifest_Generation = YES;
				INFOPLIST_KEY_UIApplicationSupportsIndirectInputEvents = YES;
				INFOPLIST_KEY_UILaunchScreen_Generation = YES;
				INFOPLIST_KEY_UISupportedInterfaceOrientations_iPad = "UIInterfaceOrientationPortrait UIInterfaceOrientationPortraitUpsideDown UIInterfaceOrientationLandscapeLeft UIInterfaceOrientationLandscapeRight";
				INFOPLIST_KEY_UISupportedInterfaceOrientations_iPhone = "UIInterfaceOrientationPortrait UIInterfaceOrientationLandscapeLeft UIInterfaceOrientationLandscapeRight";
				LD_RUNPATH_SEARCH_PATHS = (
					"$(inherited)",
					"@executable_path/Frameworks",
				);
				MARKETING_VERSION = 1.0;
				PRODUCT_BUNDLE_IDENTIFIER = com.chuday.movieBooking;
				PRODUCT_NAME = "$(TARGET_NAME)";
				SWIFT_EMIT_LOC_STRINGS = YES;
				SWIFT_VERSION = 5.0;
				TARGETED_DEVICE_FAMILY = "1,2";
			};
			name = Release;
		};
/* End XCBuildConfiguration section */

/* Begin XCConfigurationList section */
		7EB703C42A40075100443701 /* Build configuration list for PBXProject "movieBooking" */ = {
			isa = XCConfigurationList;
			buildConfigurations = (
				7EB703D52A40075600443701 /* Debug */,
				7EB703D62A40075600443701 /* Release */,
			);
			defaultConfigurationIsVisible = 0;
			defaultConfigurationName = Release;
		};
		7EB703D72A40075600443701 /* Build configuration list for PBXNativeTarget "movieBooking" */ = {
			isa = XCConfigurationList;
			buildConfigurations = (
				7EB703D82A40075600443701 /* Debug */,
				7EB703D92A40075600443701 /* Release */,
			);
			defaultConfigurationIsVisible = 0;
			defaultConfigurationName = Release;
		};
/* End XCConfigurationList section */
	};
	rootObject = 7EB703C12A40075100443701 /* Project object */;
}
